
Microsoft Visual Studio Solution File, Format Version 12.00
# Visual Studio Version 17
VisualStudioVersion = 17.9.34728.123
MinimumVisualStudioVersion = 10.0.40219.1
Project("{FAE04EC0-301F-11D3-BF4B-00C04F79EFBC}") = "fypProject", "fypProject\fypProject.csproj", "{583D99C5-BF2E-434F-98F8-EC224F840652}"
EndProject
Global
	GlobalSection(SolutionConfigurationPlatforms) = preSolution
		Debug|Any CPU = Debug|Any CPU
		Release|Any CPU = Release|Any CPU
	EndGlobalSection
	GlobalSection(ProjectConfigurationPlatforms) = postSolution
		{583D99C5-BF2E-434F-98F8-EC224F840652}.Debug|Any CPU.ActiveCfg = Debug|Any CPU
		{583D99C5-BF2E-434F-98F8-EC224F840652}.Debug|Any CPU.Build.0 = Debug|Any CPU
		{583D99C5-BF2E-434F-98F8-EC224F840652}.Release|Any CPU.ActiveCfg = Release|Any CPU
		{583D99C5-BF2E-434F-98F8-EC224F840652}.Release|Any CPU.Build.0 = Release|Any CPU
	EndGlobalSection
	GlobalSection(SolutionProperties) = preSolution
		HideSolutionNode = FALSE
	EndGlobalSection
	GlobalSection(ExtensibilityGlobals) = postSolution
		SolutionGuid = {3500CBC9-6976-4A9D-BAEB-CDE82170AF86}
	EndGlobalSection
EndGlobal
